{
    "name": "hkey-async-queue",
    "version": "0.0.4",
    "lockfileVersion": 2,
    "requires": true,
    "packages": {
        "": {
            "name": "hkey-async-queue",
            "version": "0.0.4",
            "license": "MIT",
            "dependencies": {
                "hkey-extended-promise": "^0.0.3",
                "till-event": "^0.0.4"
            },
            "engines": {
                "node": ">=0.1.0"
            }
        },
        "node_modules/hkey-extended-promise": {
            "version": "0.0.3",
            "resolved": "https://registry.npmjs.org/hkey-extended-promise/-/hkey-extended-promise-0.0.3.tgz",
            "integrity": "sha512-mVAS8LjBtkxgTnrf5Jlm5FGIN3xbIiIPx8HmP8tKVbIgU7H+D6DpnAODMQ30ukvYaGK73Ri5amocf0Z2M/gA7w==",
            "engines": {
                "node": ">=0.1.0"
            }
        },
        "node_modules/till-event": {
            "version": "0.0.4",
            "resolved": "https://registry.npmjs.org/till-event/-/till-event-0.0.4.tgz",
            "integrity": "sha512-28Bf7P9+ZnK4ru47+GdelHrxLVSZMpGBCrYPHpiQFcWn8Vn8n+NtOUgbS8XZBJs//ENwrD9dx99qI6c3wqGiGg==",
            "dependencies": {
                "hkey-extended-promise": "*"
            },
            "engines": {
                "node": ">=0.1.0"
            }
        }
    },
    "dependencies": {
        "hkey-extended-promise": {
            "version": "0.0.3",
            "resolved": "https://registry.npmjs.org/hkey-extended-promise/-/hkey-extended-promise-0.0.3.tgz",
            "integrity": "sha512-mVAS8LjBtkxgTnrf5Jlm5FGIN3xbIiIPx8HmP8tKVbIgU7H+D6DpnAODMQ30ukvYaGK73Ri5amocf0Z2M/gA7w=="
        },
        "till-event": {
            "version": "0.0.4",
            "resolved": "https://registry.npmjs.org/till-event/-/till-event-0.0.4.tgz",
            "integrity": "sha512-28Bf7P9+ZnK4ru47+GdelHrxLVSZMpGBCrYPHpiQFcWn8Vn8n+NtOUgbS8XZBJs//ENwrD9dx99qI6c3wqGiGg==",
            "requires": {
                "hkey-extended-promise": "*"
            }
        }
    }
}
